
Microsoft Visual Studio Solution File, Format Version 12.00
# Visual Studio 15
VisualStudioVersion = 15.0.28010.2026
MinimumVisualStudioVersion = 10.0.40219.1
Project("{8BC9CEB8-8B4A-11D0-8D11-00A0C91BC942}") = "Ex_1", "Ex_1\Ex_1.vcxproj", "{A31EF3CC-67E2-4607-88A3-D120C2BFDB16}"
EndProject
Project("{8BC9CEB8-8B4A-11D0-8D11-00A0C91BC942}") = "Ex_2", "Ex_2\Ex_2.vcxproj", "{51D097E2-9652-4A4D-80E1-53CAD6C6F9C2}"
EndProject
Project("{8BC9CEB8-8B4A-11D0-8D11-00A0C91BC942}") = "Ex_3", "Ex_3\Ex_3.vcxproj", "{606F51C0-EF29-41A1-BD2A-0498785D2794}"
EndProject
Project("{8BC9CEB8-8B4A-11D0-8D11-00A0C91BC942}") = "Ex_4", "Ex_4\Ex_4.vcxproj", "{CDEA1879-6E70-4693-B15F-F3D8C92BD34D}"
EndProject
Project("{8BC9CEB8-8B4A-11D0-8D11-00A0C91BC942}") = "Ex_5", "Ex_5\Ex_5.vcxproj", "{786805D7-CBA4-450F-B864-6985C89CC34C}"
EndProject
Project("{8BC9CEB8-8B4A-11D0-8D11-00A0C91BC942}") = "Ex_6", "Ex_6\Ex_6.vcxproj", "{D25EF944-F28C-4A34-8190-52EF8A6925F9}"
EndProject
Global
	GlobalSection(SolutionConfigurationPlatforms) = preSolution
		Debug|x64 = Debug|x64
		Debug|x86 = Debug|x86
		Release|x64 = Release|x64
		Release|x86 = Release|x86
	EndGlobalSection
	GlobalSection(ProjectConfigurationPlatforms) = postSolution
		{A31EF3CC-67E2-4607-88A3-D120C2BFDB16}.Debug|x64.ActiveCfg = Debug|x64
		{A31EF3CC-67E2-4607-88A3-D120C2BFDB16}.Debug|x64.Build.0 = Debug|x64
		{A31EF3CC-67E2-4607-88A3-D120C2BFDB16}.Debug|x86.ActiveCfg = Debug|Win32
		{A31EF3CC-67E2-4607-88A3-D120C2BFDB16}.Debug|x86.Build.0 = Debug|Win32
		{A31EF3CC-67E2-4607-88A3-D120C2BFDB16}.Release|x64.ActiveCfg = Release|x64
		{A31EF3CC-67E2-4607-88A3-D120C2BFDB16}.Release|x64.Build.0 = Release|x64
		{A31EF3CC-67E2-4607-88A3-D120C2BFDB16}.Release|x86.ActiveCfg = Release|Win32
		{A31EF3CC-67E2-4607-88A3-D120C2BFDB16}.Release|x86.Build.0 = Release|Win32
		{51D097E2-9652-4A4D-80E1-53CAD6C6F9C2}.Debug|x64.ActiveCfg = Debug|x64
		{51D097E2-9652-4A4D-80E1-53CAD6C6F9C2}.Debug|x64.Build.0 = Debug|x64
		{51D097E2-9652-4A4D-80E1-53CAD6C6F9C2}.Debug|x86.ActiveCfg = Debug|Win32
		{51D097E2-9652-4A4D-80E1-53CAD6C6F9C2}.Debug|x86.Build.0 = Debug|Win32
		{51D097E2-9652-4A4D-80E1-53CAD6C6F9C2}.Release|x64.ActiveCfg = Release|x64
		{51D097E2-9652-4A4D-80E1-53CAD6C6F9C2}.Release|x64.Build.0 = Release|x64
		{51D097E2-9652-4A4D-80E1-53CAD6C6F9C2}.Release|x86.ActiveCfg = Release|Win32
		{51D097E2-9652-4A4D-80E1-53CAD6C6F9C2}.Release|x86.Build.0 = Release|Win32
		{606F51C0-EF29-41A1-BD2A-0498785D2794}.Debug|x64.ActiveCfg = Debug|x64
		{606F51C0-EF29-41A1-BD2A-0498785D2794}.Debug|x64.Build.0 = Debug|x64
		{606F51C0-EF29-41A1-BD2A-0498785D2794}.Debug|x86.ActiveCfg = Debug|Win32
		{606F51C0-EF29-41A1-BD2A-0498785D2794}.Debug|x86.Build.0 = Debug|Win32
		{606F51C0-EF29-41A1-BD2A-0498785D2794}.Release|x64.ActiveCfg = Release|x64
		{606F51C0-EF29-41A1-BD2A-0498785D2794}.Release|x64.Build.0 = Release|x64
		{606F51C0-EF29-41A1-BD2A-0498785D2794}.Release|x86.ActiveCfg = Release|Win32
		{606F51C0-EF29-41A1-BD2A-0498785D2794}.Release|x86.Build.0 = Release|Win32
		{CDEA1879-6E70-4693-B15F-F3D8C92BD34D}.Debug|x64.ActiveCfg = Debug|x64
		{CDEA1879-6E70-4693-B15F-F3D8C92BD34D}.Debug|x64.Build.0 = Debug|x64
		{CDEA1879-6E70-4693-B15F-F3D8C92BD34D}.Debug|x86.ActiveCfg = Debug|Win32
		{CDEA1879-6E70-4693-B15F-F3D8C92BD34D}.Debug|x86.Build.0 = Debug|Win32
		{CDEA1879-6E70-4693-B15F-F3D8C92BD34D}.Release|x64.ActiveCfg = Release|x64
		{CDEA1879-6E70-4693-B15F-F3D8C92BD34D}.Release|x64.Build.0 = Release|x64
		{CDEA1879-6E70-4693-B15F-F3D8C92BD34D}.Release|x86.ActiveCfg = Release|Win32
		{CDEA1879-6E70-4693-B15F-F3D8C92BD34D}.Release|x86.Build.0 = Release|Win32
		{786805D7-CBA4-450F-B864-6985C89CC34C}.Debug|x64.ActiveCfg = Debug|x64
		{786805D7-CBA4-450F-B864-6985C89CC34C}.Debug|x64.Build.0 = Debug|x64
		{786805D7-CBA4-450F-B864-6985C89CC34C}.Debug|x86.ActiveCfg = Debug|Win32
		{786805D7-CBA4-450F-B864-6985C89CC34C}.Debug|x86.Build.0 = Debug|Win32
		{786805D7-CBA4-450F-B864-6985C89CC34C}.Release|x64.ActiveCfg = Release|x64
		{786805D7-CBA4-450F-B864-6985C89CC34C}.Release|x64.Build.0 = Release|x64
		{786805D7-CBA4-450F-B864-6985C89CC34C}.Release|x86.ActiveCfg = Release|Win32
		{786805D7-CBA4-450F-B864-6985C89CC34C}.Release|x86.Build.0 = Release|Win32
		{D25EF944-F28C-4A34-8190-52EF8A6925F9}.Debug|x64.ActiveCfg = Debug|x64
		{D25EF944-F28C-4A34-8190-52EF8A6925F9}.Debug|x64.Build.0 = Debug|x64
		{D25EF944-F28C-4A34-8190-52EF8A6925F9}.Debug|x86.ActiveCfg = Debug|Win32
		{D25EF944-F28C-4A34-8190-52EF8A6925F9}.Debug|x86.Build.0 = Debug|Win32
		{D25EF944-F28C-4A34-8190-52EF8A6925F9}.Release|x64.ActiveCfg = Release|x64
		{D25EF944-F28C-4A34-8190-52EF8A6925F9}.Release|x64.Build.0 = Release|x64
		{D25EF944-F28C-4A34-8190-52EF8A6925F9}.Release|x86.ActiveCfg = Release|Win32
		{D25EF944-F28C-4A34-8190-52EF8A6925F9}.Release|x86.Build.0 = Release|Win32
	EndGlobalSection
	GlobalSection(SolutionProperties) = preSolution
		HideSolutionNode = FALSE
	EndGlobalSection
	GlobalSection(ExtensibilityGlobals) = postSolution
		SolutionGuid = {6042A845-01B1-4D1C-BF51-54E61606B6F6}
	EndGlobalSection
EndGlobal
